
Microsoft Visual Studio Solution File, Format Version 12.00
# Visual Studio 14
VisualStudioVersion = 14.0.25420.1
MinimumVisualStudioVersion = 10.0.40219.1
Project("{FAE04EC0-301F-11D3-BF4B-00C04F79EFBC}") = "DeliveryManageSystem", "DeliveryManageSystem\DeliveryManageSystem.csproj", "{08427C49-BEFE-43CE-AD48-C13C6803297C}"
EndProject
Project("{FAE04EC0-301F-11D3-BF4B-00C04F79EFBC}") = "DeliveryManageSystem.Tests", "DeliveryManageSystem.Tests\DeliveryManageSystem.Tests.csproj", "{7EBFE596-0602-4B2F-A05A-7B1474A7A879}"
EndProject
Global
	GlobalSection(SolutionConfigurationPlatforms) = preSolution
		Debug|Any CPU = Debug|Any CPU
		Release|Any CPU = Release|Any CPU
	EndGlobalSection
	GlobalSection(ProjectConfigurationPlatforms) = postSolution
		{08427C49-BEFE-43CE-AD48-C13C6803297C}.Debug|Any CPU.ActiveCfg = Debug|Any CPU
		{08427C49-BEFE-43CE-AD48-C13C6803297C}.Debug|Any CPU.Build.0 = Debug|Any CPU
		{08427C49-BEFE-43CE-AD48-C13C6803297C}.Release|Any CPU.ActiveCfg = Release|Any CPU
		{08427C49-BEFE-43CE-AD48-C13C6803297C}.Release|Any CPU.Build.0 = Release|Any CPU
		{7EBFE596-0602-4B2F-A05A-7B1474A7A879}.Debug|Any CPU.ActiveCfg = Debug|Any CPU
		{7EBFE596-0602-4B2F-A05A-7B1474A7A879}.Debug|Any CPU.Build.0 = Debug|Any CPU
		{7EBFE596-0602-4B2F-A05A-7B1474A7A879}.Release|Any CPU.ActiveCfg = Release|Any CPU
		{7EBFE596-0602-4B2F-A05A-7B1474A7A879}.Release|Any CPU.Build.0 = Release|Any CPU
	EndGlobalSection
	GlobalSection(SolutionProperties) = preSolution
		HideSolutionNode = FALSE
	EndGlobalSection
EndGlobal
